PODS:
  - Alamofire (5.1.0)
  - CodableAlamofire (1.2.1):
    - Alamofire (~> 5.1.0)
  - RxSwift (5.1.1)

DEPENDENCIES:
  - Alamofire (~> 5.1.0)
  - CodableAlamofire
  - RxSwift

SPEC REPOS:
  trunk:
    - Alamofire
    - CodableAlamofire
    - RxSwift

SPEC CHECKSUMS:
  Alamofire: 9d5c5f602928e512395b30950c5984eca840093c
  CodableAlamofire: 3532ececac18593b300d775f2a51feca2f83a2f1
  RxSwift: 81470a2074fa8780320ea5fe4102807cb7118178

PODFILE CHECKSUM: 8b5900d301696bd379c19f11e284974ec5fbac22

COCOAPODS: 1.9.3
