// !$*UTF8*$!
{
	archiveVersion = 1;
	classes = {
	};
	objectVersion = 51;
	objects = {

/* Begin PBXBuildFile section */
		26C4C565257651F500358DAE /* SwifterServerService.swift in Sources */ = {isa = PBXBuildFile; fileRef = 26C4C564257651F500358DAE /* SwifterServerService.swift */; };
		26C4C5842576625700358DAE /* sample-data.json in Resources */ = {isa = PBXBuildFile; fileRef = 26C4C5832576625700358DAE /* sample-data.json */; };
		26C4C58A25766B6100358DAE /* SwifterManager.swift in Sources */ = {isa = PBXBuildFile; fileRef = 26C4C58925766B6100358DAE /* SwifterManager.swift */; };
		2F56AE86256E44730007D0A2 /* UICollectionViewExtensions.swift in Sources */ = {isa = PBXBuildFile; fileRef = 2F56AE85256E44730007D0A2 /* UICollectionViewExtensions.swift */; };
		2F56AE88256E44A10007D0A2 /* UITableViewCellExtensions.swift in Sources */ = {isa = PBXBuildFile; fileRef = 2F56AE87256E44A10007D0A2 /* UITableViewCellExtensions.swift */; };
		2F56AE8A256E44BB0007D0A2 /* UICollectionViewCellExtensions.swift in Sources */ = {isa = PBXBuildFile; fileRef = 2F56AE89256E44BB0007D0A2 /* UICollectionViewCellExtensions.swift */; };
		2F56AE8C256E44F00007D0A2 /* UIViewControllerExtensions.swift in Sources */ = {isa = PBXBuildFile; fileRef = 2F56AE8B256E44F00007D0A2 /* UIViewControllerExtensions.swift */; };
		2F56AE8E256E487F0007D0A2 /* StringExtensions.swift in Sources */ = {isa = PBXBuildFile; fileRef = 2F56AE8D256E487F0007D0A2 /* StringExtensions.swift */; };
		2F56AE92256E4CD30007D0A2 /* Colors.xcassets in Resources */ = {isa = PBXBuildFile; fileRef = 2F56AE91256E4CD30007D0A2 /* Colors.xcassets */; };
		2F56AE94256E65910007D0A2 /* Images.xcassets in Resources */ = {isa = PBXBuildFile; fileRef = 2F56AE93256E65910007D0A2 /* Images.xcassets */; };
		2F56AE9C256E6EF70007D0A2 /* Icons.xcassets in Resources */ = {isa = PBXBuildFile; fileRef = 2F56AE9B256E6EF70007D0A2 /* Icons.xcassets */; };
		2FCDE0F62565722400203445 /* AppDelegate.swift in Sources */ = {isa = PBXBuildFile; fileRef = 2FCDE0F52565722400203445 /* AppDelegate.swift */; };
		2FCDE0F82565722400203445 /* SceneDelegate.swift in Sources */ = {isa = PBXBuildFile; fileRef = 2FCDE0F72565722400203445 /* SceneDelegate.swift */; };
		2FCDE0FA2565722400203445 /* ViewController.swift in Sources */ = {isa = PBXBuildFile; fileRef = 2FCDE0F92565722400203445 /* ViewController.swift */; };
		2FCDE0FD2565722400203445 /* Main.storyboard in Resources */ = {isa = PBXBuildFile; fileRef = 2FCDE0FB2565722400203445 /* Main.storyboard */; };
		2FCDE0FF2565722600203445 /* Assets.xcassets in Resources */ = {isa = PBXBuildFile; fileRef = 2FCDE0FE2565722600203445 /* Assets.xcassets */; };
		2FCDE1022565722600203445 /* LaunchScreen.storyboard in Resources */ = {isa = PBXBuildFile; fileRef = 2FCDE1002565722600203445 /* LaunchScreen.storyboard */; };
		2FCDE10D2565722600203445 /* ios_boilerplateTests.swift in Sources */ = {isa = PBXBuildFile; fileRef = 2FCDE10C2565722600203445 /* ios_boilerplateTests.swift */; };
		2FCDE1182565722600203445 /* ios_boilerplateUITests.swift in Sources */ = {isa = PBXBuildFile; fileRef = 2FCDE1172565722600203445 /* ios_boilerplateUITests.swift */; };
		2FCDE1572566AE2700203445 /* UITableViewExtensions.swift in Sources */ = {isa = PBXBuildFile; fileRef = 2FCDE1562566AE2700203445 /* UITableViewExtensions.swift */; };
		993D954B512090ADE8A260C4 /* Pods_ios_boilerplate_ios_boilerplateUITests.framework in Frameworks */ = {isa = PBXBuildFile; fileRef = 27B2FA03CF525FCFC4E8B765 /* Pods_ios_boilerplate_ios_boilerplateUITests.framework */; };
		B608FEB641F330A3075B7884 /* Pods_ios_boilerplate.framework in Frameworks */ = {isa = PBXBuildFile; fileRef = 47A41D66E49E748A31E425AC /* Pods_ios_boilerplate.framework */; };
		C0DBC59257C77F6EAC49DB89 /* Pods_ios_boilerplateTests.framework in Frameworks */ = {isa = PBXBuildFile; fileRef = 7DE3AD98E1F35229A530DFF4 /* Pods_ios_boilerplateTests.framework */; };
/* End PBXBuildFile section */

/* Begin PBXContainerItemProxy section */
		2FCDE1092565722600203445 /* PBXContainerItemProxy */ = {
			isa = PBXContainerItemProxy;
			containerPortal = 2FCDE0EA2565722400203445 /* Project object */;
			proxyType = 1;
			remoteGlobalIDString = 2FCDE0F12565722400203445;
			remoteInfo = "ios-boilerplate";
		};
		2FCDE1142565722600203445 /* PBXContainerItemProxy */ = {
			isa = PBXContainerItemProxy;
			containerPortal = 2FCDE0EA2565722400203445 /* Project object */;
			proxyType = 1;
			remoteGlobalIDString = 2FCDE0F12565722400203445;
			remoteInfo = "ios-boilerplate";
		};
/* End PBXContainerItemProxy section */

/* Begin PBXFileReference section */
		1621F7C0202D96475138F3A2 /* Pods-ios-boilerplate-ios-boilerplateUITests.development.xcconfig */ = {isa = PBXFileReference; includeInIndex = 1; lastKnownFileType = text.xcconfig; name = "Pods-ios-boilerplate-ios-boilerplateUITests.development.xcconfig"; path = "Target Support Files/Pods-ios-boilerplate-ios-boilerplateUITests/Pods-ios-boilerplate-ios-boilerplateUITests.development.xcconfig"; sourceTree = "<group>"; };
		21EF390BDA54D613B22B7B61 /* Pods-ios-boilerplate.release.xcconfig */ = {isa = PBXFileReference; includeInIndex = 1; lastKnownFileType = text.xcconfig; name = "Pods-ios-boilerplate.release.xcconfig"; path = "Target Support Files/Pods-ios-boilerplate/Pods-ios-boilerplate.release.xcconfig"; sourceTree = "<group>"; };
		26C4C564257651F500358DAE /* SwifterServerService.swift */ = {isa = PBXFileReference; lastKnownFileType = sourcecode.swift; path = SwifterServerService.swift; sourceTree = "<group>"; };
		26C4C5832576625700358DAE /* sample-data.json */ = {isa = PBXFileReference; fileEncoding = 4; lastKnownFileType = text.json; path = "sample-data.json"; sourceTree = "<group>"; };
		26C4C58925766B6100358DAE /* SwifterManager.swift */ = {isa = PBXFileReference; lastKnownFileType = sourcecode.swift; path = SwifterManager.swift; sourceTree = "<group>"; };
		27B2FA03CF525FCFC4E8B765 /* Pods_ios_boilerplate_ios_boilerplateUITests.framework */ = {isa = PBXFileReference; explicitFileType = wrapper.framework; includeInIndex = 0; path = Pods_ios_boilerplate_ios_boilerplateUITests.framework; sourceTree = BUILT_PRODUCTS_DIR; };
		2F56AE85256E44730007D0A2 /* UICollectionViewExtensions.swift */ = {isa = PBXFileReference; lastKnownFileType = sourcecode.swift; path = UICollectionViewExtensions.swift; sourceTree = "<group>"; };
		2F56AE87256E44A10007D0A2 /* UITableViewCellExtensions.swift */ = {isa = PBXFileReference; lastKnownFileType = sourcecode.swift; path = UITableViewCellExtensions.swift; sourceTree = "<group>"; };
		2F56AE89256E44BB0007D0A2 /* UICollectionViewCellExtensions.swift */ = {isa = PBXFileReference; lastKnownFileType = sourcecode.swift; path = UICollectionViewCellExtensions.swift; sourceTree = "<group>"; };
		2F56AE8B256E44F00007D0A2 /* UIViewControllerExtensions.swift */ = {isa = PBXFileReference; lastKnownFileType = sourcecode.swift; path = UIViewControllerExtensions.swift; sourceTree = "<group>"; };
		2F56AE8D256E487F0007D0A2 /* StringExtensions.swift */ = {isa = PBXFileReference; lastKnownFileType = sourcecode.swift; path = StringExtensions.swift; sourceTree = "<group>"; };
		2F56AE91256E4CD30007D0A2 /* Colors.xcassets */ = {isa = PBXFileReference; lastKnownFileType = folder.assetcatalog; path = Colors.xcassets; sourceTree = "<group>"; };
		2F56AE93256E65910007D0A2 /* Images.xcassets */ = {isa = PBXFileReference; lastKnownFileType = folder.assetcatalog; path = Images.xcassets; sourceTree = "<group>"; };
		2F56AE9B256E6EF70007D0A2 /* Icons.xcassets */ = {isa = PBXFileReference; lastKnownFileType = folder.assetcatalog; path = Icons.xcassets; sourceTree = "<group>"; };
		2FCDE0F22565722400203445 /* ios-boilerplate.app */ = {isa = PBXFileReference; explicitFileType = wrapper.application; includeInIndex = 0; path = "ios-boilerplate.app"; sourceTree = BUILT_PRODUCTS_DIR; };
		2FCDE0F52565722400203445 /* AppDelegate.swift */ = {isa = PBXFileReference; lastKnownFileType = sourcecode.swift; path = AppDelegate.swift; sourceTree = "<group>"; };
		2FCDE0F72565722400203445 /* SceneDelegate.swift */ = {isa = PBXFileReference; lastKnownFileType = sourcecode.swift; path = SceneDelegate.swift; sourceTree = "<group>"; };
		2FCDE0F92565722400203445 /* ViewController.swift */ = {isa = PBXFileReference; lastKnownFileType = sourcecode.swift; path = ViewController.swift; sourceTree = "<group>"; };
		2FCDE0FC2565722400203445 /* Base */ = {isa = PBXFileReference; lastKnownFileType = file.storyboard; name = Base; path = Base.lproj/Main.storyboard; sourceTree = "<group>"; };
		2FCDE0FE2565722600203445 /* Assets.xcassets */ = {isa = PBXFileReference; lastKnownFileType = folder.assetcatalog; path = Assets.xcassets; sourceTree = "<group>"; };
		2FCDE1012565722600203445 /* Base */ = {isa = PBXFileReference; lastKnownFileType = file.storyboard; name = Base; path = Base.lproj/LaunchScreen.storyboard; sourceTree = "<group>"; };
		2FCDE1032565722600203445 /* Info.plist */ = {isa = PBXFileReference; lastKnownFileType = text.plist.xml; path = Info.plist; sourceTree = "<group>"; };
		2FCDE1082565722600203445 /* ios-boilerplateTests.xctest */ = {isa = PBXFileReference; explicitFileType = wrapper.cfbundle; includeInIndex = 0; path = "ios-boilerplateTests.xctest"; sourceTree = BUILT_PRODUCTS_DIR; };
		2FCDE10C2565722600203445 /* ios_boilerplateTests.swift */ = {isa = PBXFileReference; lastKnownFileType = sourcecode.swift; path = ios_boilerplateTests.swift; sourceTree = "<group>"; };
		2FCDE10E2565722600203445 /* Info.plist */ = {isa = PBXFileReference; lastKnownFileType = text.plist.xml; path = Info.plist; sourceTree = "<group>"; };
		2FCDE1132565722600203445 /* ios-boilerplateUITests.xctest */ = {isa = PBXFileReference; explicitFileType = wrapper.cfbundle; includeInIndex = 0; path = "ios-boilerplateUITests.xctest"; sourceTree = BUILT_PRODUCTS_DIR; };
		2FCDE1172565722600203445 /* ios_boilerplateUITests.swift */ = {isa = PBXFileReference; lastKnownFileType = sourcecode.swift; path = ios_boilerplateUITests.swift; sourceTree = "<group>"; };
		2FCDE1192565722600203445 /* Info.plist */ = {isa = PBXFileReference; lastKnownFileType = text.plist.xml; path = Info.plist; sourceTree = "<group>"; };
		2FCDE1292566444C00203445 /* Development.xcconfig */ = {isa = PBXFileReference; lastKnownFileType = text.xcconfig; path = Development.xcconfig; sourceTree = "<group>"; };
		2FCDE134256651EF00203445 /* Production.xcconfig */ = {isa = PBXFileReference; lastKnownFileType = text.xcconfig; path = Production.xcconfig; sourceTree = "<group>"; };
		2FCDE1352566520A00203445 /* AppStore.xcconfig */ = {isa = PBXFileReference; lastKnownFileType = text.xcconfig; path = AppStore.xcconfig; sourceTree = "<group>"; };
		2FCDE1562566AE2700203445 /* UITableViewExtensions.swift */ = {isa = PBXFileReference; lastKnownFileType = sourcecode.swift; path = UITableViewExtensions.swift; sourceTree = "<group>"; };
		39A1FDA8B77FFE56407B5049 /* Pods-ios-boilerplate-ios-boilerplateUITests.release.xcconfig */ = {isa = PBXFileReference; includeInIndex = 1; lastKnownFileType = text.xcconfig; name = "Pods-ios-boilerplate-ios-boilerplateUITests.release.xcconfig"; path = "Target Support Files/Pods-ios-boilerplate-ios-boilerplateUITests/Pods-ios-boilerplate-ios-boilerplateUITests.release.xcconfig"; sourceTree = "<group>"; };
		47A41D66E49E748A31E425AC /* Pods_ios_boilerplate.framework */ = {isa = PBXFileReference; explicitFileType = wrapper.framework; includeInIndex = 0; path = Pods_ios_boilerplate.framework; sourceTree = BUILT_PRODUCTS_DIR; };
		5B14CE2F32D8DA000ED140F2 /* Pods-ios-boilerplateTests.development.xcconfig */ = {isa = PBXFileReference; includeInIndex = 1; lastKnownFileType = text.xcconfig; name = "Pods-ios-boilerplateTests.development.xcconfig"; path = "Target Support Files/Pods-ios-boilerplateTests/Pods-ios-boilerplateTests.development.xcconfig"; sourceTree = "<group>"; };
		7D3F8FF33FDEDD2F98980A59 /* Pods-ios-boilerplateTests.release.xcconfig */ = {isa = PBXFileReference; includeInIndex = 1; lastKnownFileType = text.xcconfig; name = "Pods-ios-boilerplateTests.release.xcconfig"; path = "Target Support Files/Pods-ios-boilerplateTests/Pods-ios-boilerplateTests.release.xcconfig"; sourceTree = "<group>"; };
		7DE3AD98E1F35229A530DFF4 /* Pods_ios_boilerplateTests.framework */ = {isa = PBXFileReference; explicitFileType = wrapper.framework; includeInIndex = 0; path = Pods_ios_boilerplateTests.framework; sourceTree = BUILT_PRODUCTS_DIR; };
		87EF3F270C410404C89E21F5 /* Pods-ios-boilerplate.debug.xcconfig */ = {isa = PBXFileReference; includeInIndex = 1; lastKnownFileType = text.xcconfig; name = "Pods-ios-boilerplate.debug.xcconfig"; path = "Target Support Files/Pods-ios-boilerplate/Pods-ios-boilerplate.debug.xcconfig"; sourceTree = "<group>"; };
		C3F442FF3B656EE9230FE287 /* Pods-ios-boilerplate.development.xcconfig */ = {isa = PBXFileReference; includeInIndex = 1; lastKnownFileType = text.xcconfig; name = "Pods-ios-boilerplate.development.xcconfig"; path = "Target Support Files/Pods-ios-boilerplate/Pods-ios-boilerplate.development.xcconfig"; sourceTree = "<group>"; };
		E844C8D31B6238A4373CDC06 /* Pods-ios-boilerplateTests.debug.xcconfig */ = {isa = PBXFileReference; includeInIndex = 1; lastKnownFileType = text.xcconfig; name = "Pods-ios-boilerplateTests.debug.xcconfig"; path = "Target Support Files/Pods-ios-boilerplateTests/Pods-ios-boilerplateTests.debug.xcconfig"; sourceTree = "<group>"; };
		F640A74274DF345FA3635FA3 /* Pods-ios-boilerplate-ios-boilerplateUITests.debug.xcconfig */ = {isa = PBXFileReference; includeInIndex = 1; lastKnownFileType = text.xcconfig; name = "Pods-ios-boilerplate-ios-boilerplateUITests.debug.xcconfig"; path = "Target Support Files/Pods-ios-boilerplate-ios-boilerplateUITests/Pods-ios-boilerplate-ios-boilerplateUITests.debug.xcconfig"; sourceTree = "<group>"; };
/* End PBXFileReference section */

/* Begin PBXFrameworksBuildPhase section */
		2FCDE0EF2565722400203445 /* Frameworks */ = {
			isa = PBXFrameworksBuildPhase;
			buildActionMask = 2147483647;
			files = (
				B608FEB641F330A3075B7884 /* Pods_ios_boilerplate.framework in Frameworks */,
			);
			runOnlyForDeploymentPostprocessing = 0;
		};
		2FCDE1052565722600203445 /* Frameworks */ = {
			isa = PBXFrameworksBuildPhase;
			buildActionMask = 2147483647;
			files = (
				C0DBC59257C77F6EAC49DB89 /* Pods_ios_boilerplateTests.framework in Frameworks */,
			);
			runOnlyForDeploymentPostprocessing = 0;
		};
		2FCDE1102565722600203445 /* Frameworks */ = {
			isa = PBXFrameworksBuildPhase;
			buildActionMask = 2147483647;
			files = (
				993D954B512090ADE8A260C4 /* Pods_ios_boilerplate_ios_boilerplateUITests.framework in Frameworks */,
			);
			runOnlyForDeploymentPostprocessing = 0;
		};
/* End PBXFrameworksBuildPhase section */

/* Begin PBXGroup section */
		08C81C6F027E6BE0E71341DC /* Pods */ = {
			isa = PBXGroup;
			children = (
				87EF3F270C410404C89E21F5 /* Pods-ios-boilerplate.debug.xcconfig */,
				C3F442FF3B656EE9230FE287 /* Pods-ios-boilerplate.development.xcconfig */,
				21EF390BDA54D613B22B7B61 /* Pods-ios-boilerplate.release.xcconfig */,
				F640A74274DF345FA3635FA3 /* Pods-ios-boilerplate-ios-boilerplateUITests.debug.xcconfig */,
				1621F7C0202D96475138F3A2 /* Pods-ios-boilerplate-ios-boilerplateUITests.development.xcconfig */,
				39A1FDA8B77FFE56407B5049 /* Pods-ios-boilerplate-ios-boilerplateUITests.release.xcconfig */,
				E844C8D31B6238A4373CDC06 /* Pods-ios-boilerplateTests.debug.xcconfig */,
				5B14CE2F32D8DA000ED140F2 /* Pods-ios-boilerplateTests.development.xcconfig */,
				7D3F8FF33FDEDD2F98980A59 /* Pods-ios-boilerplateTests.release.xcconfig */,
			);
			path = Pods;
			sourceTree = "<group>";
		};
		26C4C5632576519000358DAE /* Services */ = {
			isa = PBXGroup;
			children = (
				26C4C564257651F500358DAE /* SwifterServerService.swift */,
			);
			path = Services;
			sourceTree = "<group>";
		};
		26C4C57925765F4800358DAE /* MockData */ = {
			isa = PBXGroup;
			children = (
				26C4C5832576625700358DAE /* sample-data.json */,
			);
			path = MockData;
			sourceTree = "<group>";
		};
		26C4C58825766B4400358DAE /* Managers */ = {
			isa = PBXGroup;
			children = (
				26C4C58925766B6100358DAE /* SwifterManager.swift */,
			);
			path = Managers;
			sourceTree = "<group>";
		};
		2FCDE0E92565722400203445 = {
			isa = PBXGroup;
			children = (
				2FCDE0F42565722400203445 /* ios-boilerplate */,
				2FCDE10B2565722600203445 /* ios-boilerplateTests */,
				2FCDE1162565722600203445 /* ios-boilerplateUITests */,
				2FCDE0F32565722400203445 /* Products */,
				08C81C6F027E6BE0E71341DC /* Pods */,
				473B6997AD510EA10A86F278 /* Frameworks */,
			);
			sourceTree = "<group>";
		};
		2FCDE0F32565722400203445 /* Products */ = {
			isa = PBXGroup;
			children = (
				2FCDE0F22565722400203445 /* ios-boilerplate.app */,
				2FCDE1082565722600203445 /* ios-boilerplateTests.xctest */,
				2FCDE1132565722600203445 /* ios-boilerplateUITests.xctest */,
			);
			name = Products;
			sourceTree = "<group>";
		};
		2FCDE0F42565722400203445 /* ios-boilerplate */ = {
			isa = PBXGroup;
			children = (
				2FCDE1252565B96500203445 /* Application */,
				2FCDE1282566415900203445 /* Configs */,
				26C4C58825766B4400358DAE /* Managers */,
				2FCDE136256659F700203445 /* Network */,
				2FCDE1272566413F00203445 /* Scenes */,
				2FCDE1262566412700203445 /* Resources */,
				2FCDE13725665B5E00203445 /* Utility */,
			);
			path = "ios-boilerplate";
			sourceTree = "<group>";
		};
		2FCDE10B2565722600203445 /* ios-boilerplateTests */ = {
			isa = PBXGroup;
			children = (
				2FCDE10C2565722600203445 /* ios_boilerplateTests.swift */,
				2FCDE10E2565722600203445 /* Info.plist */,
			);
			path = "ios-boilerplateTests";
			sourceTree = "<group>";
		};
		2FCDE1162565722600203445 /* ios-boilerplateUITests */ = {
			isa = PBXGroup;
			children = (
				2FCDE1172565722600203445 /* ios_boilerplateUITests.swift */,
				2FCDE1192565722600203445 /* Info.plist */,
			);
			path = "ios-boilerplateUITests";
			sourceTree = "<group>";
		};
		2FCDE1252565B96500203445 /* Application */ = {
			isa = PBXGroup;
			children = (
				26C4C5632576519000358DAE /* Services */,
				2FCDE0F52565722400203445 /* AppDelegate.swift */,
				2FCDE0F72565722400203445 /* SceneDelegate.swift */,
			);
			path = Application;
			sourceTree = "<group>";
		};
		2FCDE1262566412700203445 /* Resources */ = {
			isa = PBXGroup;
			children = (
				26C4C57925765F4800358DAE /* MockData */,
				2FCDE0FE2565722600203445 /* Assets.xcassets */,
				2F56AE91256E4CD30007D0A2 /* Colors.xcassets */,
				2F56AE9B256E6EF70007D0A2 /* Icons.xcassets */,
				2F56AE93256E65910007D0A2 /* Images.xcassets */,
				2FCDE1032565722600203445 /* Info.plist */,
			);
			path = Resources;
			sourceTree = "<group>";
		};
		2FCDE1272566413F00203445 /* Scenes */ = {
			isa = PBXGroup;
			children = (
				2FCDE0F92565722400203445 /* ViewController.swift */,
				2FCDE0FB2565722400203445 /* Main.storyboard */,
				2FCDE1002565722600203445 /* LaunchScreen.storyboard */,
			);
			path = Scenes;
			sourceTree = "<group>";
		};
		2FCDE1282566415900203445 /* Configs */ = {
			isa = PBXGroup;
			children = (
				2FCDE1292566444C00203445 /* Development.xcconfig */,
				2FCDE134256651EF00203445 /* Production.xcconfig */,
				2FCDE1352566520A00203445 /* AppStore.xcconfig */,
			);
			path = Configs;
			sourceTree = "<group>";
		};
		2FCDE136256659F700203445 /* Network */ = {
			isa = PBXGroup;
			children = (
			);
			path = Network;
			sourceTree = "<group>";
		};
		2FCDE13725665B5E00203445 /* Utility */ = {
			isa = PBXGroup;
			children = (
				2FCDE13825665B7200203445 /* Extensions */,
			);
			path = Utility;
			sourceTree = "<group>";
		};
		2FCDE13825665B7200203445 /* Extensions */ = {
			isa = PBXGroup;
			children = (
				2FCDE1562566AE2700203445 /* UITableViewExtensions.swift */,
				2F56AE87256E44A10007D0A2 /* UITableViewCellExtensions.swift */,
				2F56AE85256E44730007D0A2 /* UICollectionViewExtensions.swift */,
				2F56AE89256E44BB0007D0A2 /* UICollectionViewCellExtensions.swift */,
				2F56AE8B256E44F00007D0A2 /* UIViewControllerExtensions.swift */,
				2F56AE8D256E487F0007D0A2 /* StringExtensions.swift */,
			);
			path = Extensions;
			sourceTree = "<group>";
		};
		473B6997AD510EA10A86F278 /* Frameworks */ = {
			isa = PBXGroup;
			children = (
				47A41D66E49E748A31E425AC /* Pods_ios_boilerplate.framework */,
				27B2FA03CF525FCFC4E8B765 /* Pods_ios_boilerplate_ios_boilerplateUITests.framework */,
				7DE3AD98E1F35229A530DFF4 /* Pods_ios_boilerplateTests.framework */,
			);
			name = Frameworks;
			sourceTree = "<group>";
		};
/* End PBXGroup section */

/* Begin PBXNativeTarget section */
		2FCDE0F12565722400203445 /* ios-boilerplate */ = {
			isa = PBXNativeTarget;
			buildConfigurationList = 2FCDE11C2565722600203445 /* Build configuration list for PBXNativeTarget "ios-boilerplate" */;
			buildPhases = (
				D67C6C518A8AE506D498FB6A /* [CP] Check Pods Manifest.lock */,
				2FCDE0EE2565722400203445 /* Sources */,
				2FCDE0EF2565722400203445 /* Frameworks */,
				2FCDE0F02565722400203445 /* Resources */,
				26C4C4452575230A00358DAE /* Swiftlint */,
				541324E6A11352EFA39871D3 /* [CP] Embed Pods Frameworks */,
			);
			buildRules = (
			);
			dependencies = (
			);
			name = "ios-boilerplate";
			productName = "ios-boilerplate";
			productReference = 2FCDE0F22565722400203445 /* ios-boilerplate.app */;
			productType = "com.apple.product-type.application";
		};
		2FCDE1072565722600203445 /* ios-boilerplateTests */ = {
			isa = PBXNativeTarget;
			buildConfigurationList = 2FCDE11F2565722600203445 /* Build configuration list for PBXNativeTarget "ios-boilerplateTests" */;
			buildPhases = (
				4234DEB7CA130E22CF7E1812 /* [CP] Check Pods Manifest.lock */,
				2FCDE1042565722600203445 /* Sources */,
				2FCDE1052565722600203445 /* Frameworks */,
				2FCDE1062565722600203445 /* Resources */,
			);
			buildRules = (
			);
			dependencies = (
				2FCDE10A2565722600203445 /* PBXTargetDependency */,
			);
			name = "ios-boilerplateTests";
			productName = "ios-boilerplateTests";
			productReference = 2FCDE1082565722600203445 /* ios-boilerplateTests.xctest */;
			productType = "com.apple.product-type.bundle.unit-test";
		};
		2FCDE1122565722600203445 /* ios-boilerplateUITests */ = {
			isa = PBXNativeTarget;
			buildConfigurationList = 2FCDE1222565722600203445 /* Build configuration list for PBXNativeTarget "ios-boilerplateUITests" */;
			buildPhases = (
				712D3337C5D755B8A71BBEDC /* [CP] Check Pods Manifest.lock */,
				2FCDE10F2565722600203445 /* Sources */,
				2FCDE1102565722600203445 /* Frameworks */,
				2FCDE1112565722600203445 /* Resources */,
				0A57A0C7E507B9D192572E32 /* [CP] Embed Pods Frameworks */,
			);
			buildRules = (
			);
			dependencies = (
				2FCDE1152565722600203445 /* PBXTargetDependency */,
			);
			name = "ios-boilerplateUITests";
			productName = "ios-boilerplateUITests";
			productReference = 2FCDE1132565722600203445 /* ios-boilerplateUITests.xctest */;
			productType = "com.apple.product-type.bundle.ui-testing";
		};
/* End PBXNativeTarget section */

/* Begin PBXProject section */
		2FCDE0EA2565722400203445 /* Project object */ = {
			isa = PBXProject;
			attributes = {
				LastSwiftUpdateCheck = 1130;
				LastUpgradeCheck = 1130;
				ORGANIZATIONNAME = "Adesso Turkey";
				TargetAttributes = {
					2FCDE0F12565722400203445 = {
						CreatedOnToolsVersion = 11.3.1;
					};
					2FCDE1072565722600203445 = {
						CreatedOnToolsVersion = 11.3.1;
						TestTargetID = 2FCDE0F12565722400203445;
					};
					2FCDE1122565722600203445 = {
						CreatedOnToolsVersion = 11.3.1;
						TestTargetID = 2FCDE0F12565722400203445;
					};
				};
			};
			buildConfigurationList = 2FCDE0ED2565722400203445 /* Build configuration list for PBXProject "ios-boilerplate" */;
			compatibilityVersion = "Xcode 9.3";
			developmentRegion = en;
			hasScannedForEncodings = 0;
			knownRegions = (
				en,
				Base,
			);
			mainGroup = 2FCDE0E92565722400203445;
			productRefGroup = 2FCDE0F32565722400203445 /* Products */;
			projectDirPath = "";
			projectRoot = "";
			targets = (
				2FCDE0F12565722400203445 /* ios-boilerplate */,
				2FCDE1072565722600203445 /* ios-boilerplateTests */,
				2FCDE1122565722600203445 /* ios-boilerplateUITests */,
			);
		};
/* End PBXProject section */

/* Begin PBXResourcesBuildPhase section */
		2FCDE0F02565722400203445 /* Resources */ = {
			isa = PBXResourcesBuildPhase;
			buildActionMask = 2147483647;
			files = (
				2F56AE92256E4CD30007D0A2 /* Colors.xcassets in Resources */,
				26C4C5842576625700358DAE /* sample-data.json in Resources */,
				2F56AE94256E65910007D0A2 /* Images.xcassets in Resources */,
				2FCDE1022565722600203445 /* LaunchScreen.storyboard in Resources */,
				2FCDE0FF2565722600203445 /* Assets.xcassets in Resources */,
				2F56AE9C256E6EF70007D0A2 /* Icons.xcassets in Resources */,
				2FCDE0FD2565722400203445 /* Main.storyboard in Resources */,
			);
			runOnlyForDeploymentPostprocessing = 0;
		};
		2FCDE1062565722600203445 /* Resources */ = {
			isa = PBXResourcesBuildPhase;
			buildActionMask = 2147483647;
			files = (
			);
			runOnlyForDeploymentPostprocessing = 0;
		};
		2FCDE1112565722600203445 /* Resources */ = {
			isa = PBXResourcesBuildPhase;
			buildActionMask = 2147483647;
			files = (
			);
			runOnlyForDeploymentPostprocessing = 0;
		};
/* End PBXResourcesBuildPhase section */

/* Begin PBXShellScriptBuildPhase section */
		0A57A0C7E507B9D192572E32 /* [CP] Embed Pods Frameworks */ = {
			isa = PBXShellScriptBuildPhase;
			buildActionMask = 2147483647;
			files = (
			);
			inputFileListPaths = (
				"${PODS_ROOT}/Target Support Files/Pods-ios-boilerplate-ios-boilerplateUITests/Pods-ios-boilerplate-ios-boilerplateUITests-frameworks-${CONFIGURATION}-input-files.xcfilelist",
			);
			name = "[CP] Embed Pods Frameworks";
			outputFileListPaths = (
				"${PODS_ROOT}/Target Support Files/Pods-ios-boilerplate-ios-boilerplateUITests/Pods-ios-boilerplate-ios-boilerplateUITests-frameworks-${CONFIGURATION}-output-files.xcfilelist",
			);
			runOnlyForDeploymentPostprocessing = 0;
			shellPath = /bin/sh;
			shellScript = "\"${PODS_ROOT}/Target Support Files/Pods-ios-boilerplate-ios-boilerplateUITests/Pods-ios-boilerplate-ios-boilerplateUITests-frameworks.sh\"\n";
			showEnvVarsInLog = 0;
		};
		26C4C4452575230A00358DAE /* Swiftlint */ = {
			isa = PBXShellScriptBuildPhase;
			buildActionMask = 2147483647;
			files = (
			);
			inputFileListPaths = (
			);
			inputPaths = (
			);
			name = Swiftlint;
			outputFileListPaths = (
			);
			outputPaths = (
			);
			runOnlyForDeploymentPostprocessing = 0;
			shellPath = /bin/sh;
			shellScript = "\"${PODS_ROOT}/SwiftLint/swiftlint\"\n";
		};
		4234DEB7CA130E22CF7E1812 /* [CP] Check Pods Manifest.lock */ = {
			isa = PBXShellScriptBuildPhase;
			buildActionMask = 2147483647;
			files = (
			);
			inputFileListPaths = (
			);
			inputPaths = (
				"${PODS_PODFILE_DIR_PATH}/Podfile.lock",
				"${PODS_ROOT}/Manifest.lock",
			);
			name = "[CP] Check Pods Manifest.lock";
			outputFileListPaths = (
			);
			outputPaths = (
				"$(DERIVED_FILE_DIR)/Pods-ios-boilerplateTests-checkManifestLockResult.txt",
			);
			runOnlyForDeploymentPostprocessing = 0;
			shellPath = /bin/sh;
			shellScript = "diff \"${PODS_PODFILE_DIR_PATH}/Podfile.lock\" \"${PODS_ROOT}/Manifest.lock\" > /dev/null\nif [ $? != 0 ] ; then\n    # print error to STDERR\n    echo \"error: The sandbox is not in sync with the Podfile.lock. Run 'pod install' or update your CocoaPods installation.\" >&2\n    exit 1\nfi\n# This output is used by Xcode 'outputs' to avoid re-running this script phase.\necho \"SUCCESS\" > \"${SCRIPT_OUTPUT_FILE_0}\"\n";
			showEnvVarsInLog = 0;
		};
		541324E6A11352EFA39871D3 /* [CP] Embed Pods Frameworks */ = {
			isa = PBXShellScriptBuildPhase;
			buildActionMask = 2147483647;
			files = (
			);
			inputFileListPaths = (
				"${PODS_ROOT}/Target Support Files/Pods-ios-boilerplate/Pods-ios-boilerplate-frameworks-${CONFIGURATION}-input-files.xcfilelist",
			);
			name = "[CP] Embed Pods Frameworks";
			outputFileListPaths = (
				"${PODS_ROOT}/Target Support Files/Pods-ios-boilerplate/Pods-ios-boilerplate-frameworks-${CONFIGURATION}-output-files.xcfilelist",
			);
			runOnlyForDeploymentPostprocessing = 0;
			shellPath = /bin/sh;
			shellScript = "\"${PODS_ROOT}/Target Support Files/Pods-ios-boilerplate/Pods-ios-boilerplate-frameworks.sh\"\n";
			showEnvVarsInLog = 0;
		};
		712D3337C5D755B8A71BBEDC /* [CP] Check Pods Manifest.lock */ = {
			isa = PBXShellScriptBuildPhase;
			buildActionMask = 2147483647;
			files = (
			);
			inputFileListPaths = (
			);
			inputPaths = (
				"${PODS_PODFILE_DIR_PATH}/Podfile.lock",
				"${PODS_ROOT}/Manifest.lock",
			);
			name = "[CP] Check Pods Manifest.lock";
			outputFileListPaths = (
			);
			outputPaths = (
				"$(DERIVED_FILE_DIR)/Pods-ios-boilerplate-ios-boilerplateUITests-checkManifestLockResult.txt",
			);
			runOnlyForDeploymentPostprocessing = 0;
			shellPath = /bin/sh;
			shellScript = "diff \"${PODS_PODFILE_DIR_PATH}/Podfile.lock\" \"${PODS_ROOT}/Manifest.lock\" > /dev/null\nif [ $? != 0 ] ; then\n    # print error to STDERR\n    echo \"error: The sandbox is not in sync with the Podfile.lock. Run 'pod install' or update your CocoaPods installation.\" >&2\n    exit 1\nfi\n# This output is used by Xcode 'outputs' to avoid re-running this script phase.\necho \"SUCCESS\" > \"${SCRIPT_OUTPUT_FILE_0}\"\n";
			showEnvVarsInLog = 0;
		};
		D67C6C518A8AE506D498FB6A /* [CP] Check Pods Manifest.lock */ = {
			isa = PBXShellScriptBuildPhase;
			buildActionMask = 2147483647;
			files = (
			);
			inputFileListPaths = (
			);
			inputPaths = (
				"${PODS_PODFILE_DIR_PATH}/Podfile.lock",
				"${PODS_ROOT}/Manifest.lock",
			);
			name = "[CP] Check Pods Manifest.lock";
			outputFileListPaths = (
			);
			outputPaths = (
				"$(DERIVED_FILE_DIR)/Pods-ios-boilerplate-checkManifestLockResult.txt",
			);
			runOnlyForDeploymentPostprocessing = 0;
			shellPath = /bin/sh;
			shellScript = "diff \"${PODS_PODFILE_DIR_PATH}/Podfile.lock\" \"${PODS_ROOT}/Manifest.lock\" > /dev/null\nif [ $? != 0 ] ; then\n    # print error to STDERR\n    echo \"error: The sandbox is not in sync with the Podfile.lock. Run 'pod install' or update your CocoaPods installation.\" >&2\n    exit 1\nfi\n# This output is used by Xcode 'outputs' to avoid re-running this script phase.\necho \"SUCCESS\" > \"${SCRIPT_OUTPUT_FILE_0}\"\n";
			showEnvVarsInLog = 0;
		};
/* End PBXShellScriptBuildPhase section */

/* Begin PBXSourcesBuildPhase section */
		2FCDE0EE2565722400203445 /* Sources */ = {
			isa = PBXSourcesBuildPhase;
			buildActionMask = 2147483647;
			files = (
				2F56AE8C256E44F00007D0A2 /* UIViewControllerExtensions.swift in Sources */,
				26C4C565257651F500358DAE /* SwifterServerService.swift in Sources */,
				2F56AE86256E44730007D0A2 /* UICollectionViewExtensions.swift in Sources */,
				2FCDE0FA2565722400203445 /* ViewController.swift in Sources */,
				2F56AE8E256E487F0007D0A2 /* StringExtensions.swift in Sources */,
				2F56AE8A256E44BB0007D0A2 /* UICollectionViewCellExtensions.swift in Sources */,
				2FCDE0F62565722400203445 /* AppDelegate.swift in Sources */,
				26C4C58A25766B6100358DAE /* SwifterManager.swift in Sources */,
				2FCDE0F82565722400203445 /* SceneDelegate.swift in Sources */,
				2FCDE1572566AE2700203445 /* UITableViewExtensions.swift in Sources */,
				2F56AE88256E44A10007D0A2 /* UITableViewCellExtensions.swift in Sources */,
			);
			runOnlyForDeploymentPostprocessing = 0;
		};
		2FCDE1042565722600203445 /* Sources */ = {
			isa = PBXSourcesBuildPhase;
			buildActionMask = 2147483647;
			files = (
				2FCDE10D2565722600203445 /* ios_boilerplateTests.swift in Sources */,
			);
			runOnlyForDeploymentPostprocessing = 0;
		};
		2FCDE10F2565722600203445 /* Sources */ = {
			isa = PBXSourcesBuildPhase;
			buildActionMask = 2147483647;
			files = (
				2FCDE1182565722600203445 /* ios_boilerplateUITests.swift in Sources */,
			);
			runOnlyForDeploymentPostprocessing = 0;
		};
/* End PBXSourcesBuildPhase section */

/* Begin PBXTargetDependency section */
		2FCDE10A2565722600203445 /* PBXTargetDependency */ = {
			isa = PBXTargetDependency;
			target = 2FCDE0F12565722400203445 /* ios-boilerplate */;
			targetProxy = 2FCDE1092565722600203445 /* PBXContainerItemProxy */;
		};
		2FCDE1152565722600203445 /* PBXTargetDependency */ = {
			isa = PBXTargetDependency;
			target = 2FCDE0F12565722400203445 /* ios-boilerplate */;
			targetProxy = 2FCDE1142565722600203445 /* PBXContainerItemProxy */;
		};
/* End PBXTargetDependency section */

/* Begin PBXVariantGroup section */
		2FCDE0FB2565722400203445 /* Main.storyboard */ = {
			isa = PBXVariantGroup;
			children = (
				2FCDE0FC2565722400203445 /* Base */,
			);
			name = Main.storyboard;
			sourceTree = "<group>";
		};
		2FCDE1002565722600203445 /* LaunchScreen.storyboard */ = {
			isa = PBXVariantGroup;
			children = (
				2FCDE1012565722600203445 /* Base */,
			);
			name = LaunchScreen.storyboard;
			sourceTree = "<group>";
		};
/* End PBXVariantGroup section */

/* Begin XCBuildConfiguration section */
		2F56AE97256E68000007D0A2 /* Development */ = {
			isa = XCBuildConfiguration;
			baseConfigurationReference = 2FCDE1292566444C00203445 /* Development.xcconfig */;
			buildSettings = {
				ALWAYS_SEARCH_USER_PATHS = NO;
				CLANG_ANALYZER_NONNULL = YES;
				CLANG_ANALYZER_NUMBER_OBJECT_CONVERSION = YES_AGGRESSIVE;
				CLANG_CXX_LANGUAGE_STANDARD = "gnu++14";
				CLANG_CXX_LIBRARY = "libc++";
				CLANG_ENABLE_MODULES = YES;
				CLANG_ENABLE_OBJC_ARC = YES;
				CLANG_ENABLE_OBJC_WEAK = YES;
				CLANG_WARN_BLOCK_CAPTURE_AUTORELEASING = YES;
				CLANG_WARN_BOOL_CONVERSION = YES;
				CLANG_WARN_COMMA = YES;
				CLANG_WARN_CONSTANT_CONVERSION = YES;
				CLANG_WARN_DEPRECATED_OBJC_IMPLEMENTATIONS = YES;
				CLANG_WARN_DIRECT_OBJC_ISA_USAGE = YES_ERROR;
				CLANG_WARN_DOCUMENTATION_COMMENTS = YES;
				CLANG_WARN_EMPTY_BODY = YES;
				CLANG_WARN_ENUM_CONVERSION = YES;
				CLANG_WARN_INFINITE_RECURSION = YES;
				CLANG_WARN_INT_CONVERSION = YES;
				CLANG_WARN_NON_LITERAL_NULL_CONVERSION = YES;
				CLANG_WARN_OBJC_IMPLICIT_RETAIN_SELF = YES;
				CLANG_WARN_OBJC_LITERAL_CONVERSION = YES;
				CLANG_WARN_OBJC_ROOT_CLASS = YES_ERROR;
				CLANG_WARN_RANGE_LOOP_ANALYSIS = YES;
				CLANG_WARN_STRICT_PROTOTYPES = YES;
				CLANG_WARN_SUSPICIOUS_MOVE = YES;
				CLANG_WARN_UNGUARDED_AVAILABILITY = YES_AGGRESSIVE;
				CLANG_WARN_UNREACHABLE_CODE = YES;
				CLANG_WARN__DUPLICATE_METHOD_MATCH = YES;
				COPY_PHASE_STRIP = NO;
				DEBUG_INFORMATION_FORMAT = dwarf;
				ENABLE_STRICT_OBJC_MSGSEND = YES;
				ENABLE_TESTABILITY = YES;
				GCC_C_LANGUAGE_STANDARD = gnu11;
				GCC_DYNAMIC_NO_PIC = NO;
				GCC_NO_COMMON_BLOCKS = YES;
				GCC_OPTIMIZATION_LEVEL = 0;
				GCC_PREPROCESSOR_DEFINITIONS = (
					"DEBUG=1",
					"$(inherited)",
				);
				GCC_WARN_64_TO_32_BIT_CONVERSION = YES;
				GCC_WARN_ABOUT_RETURN_TYPE = YES_ERROR;
				GCC_WARN_UNDECLARED_SELECTOR = YES;
				GCC_WARN_UNINITIALIZED_AUTOS = YES_AGGRESSIVE;
				GCC_WARN_UNUSED_FUNCTION = YES;
				GCC_WARN_UNUSED_VARIABLE = YES;
				IPHONEOS_DEPLOYMENT_TARGET = 13.2;
				MTL_ENABLE_DEBUG_INFO = INCLUDE_SOURCE;
				MTL_FAST_MATH = YES;
				ONLY_ACTIVE_ARCH = YES;
				SDKROOT = iphoneos;
				SWIFT_ACTIVE_COMPILATION_CONDITIONS = DEBUG;
				SWIFT_OPTIMIZATION_LEVEL = "-Onone";
			};
			name = Development;
		};
		2F56AE98256E68000007D0A2 /* Development */ = {
			isa = XCBuildConfiguration;
			baseConfigurationReference = 2FCDE1292566444C00203445 /* Development.xcconfig */;
			buildSettings = {
				ALWAYS_EMBED_SWIFT_STANDARD_LIBRARIES = "$(inherited)";
				ASSETCATALOG_COMPILER_APPICON_NAME = AppIcon;
				CODE_SIGN_STYLE = Automatic;
				DEVELOPMENT_TEAM = K8J8CUXWK9;
				INFOPLIST_FILE = "ios-boilerplate/Resources/Info.plist";
				IPHONEOS_DEPLOYMENT_TARGET = 13.0;
				LD_RUNPATH_SEARCH_PATHS = (
					"$(inherited)",
					"@executable_path/Frameworks",
				);
				PRODUCT_BUNDLE_IDENTIFIER = "com.adesso.ios-boilerplate";
				PRODUCT_NAME = "$(TARGET_NAME)";
				SWIFT_VERSION = 5.0;
				TARGETED_DEVICE_FAMILY = "1,2";
			};
			name = Development;
		};
		2F56AE99256E68000007D0A2 /* Development */ = {
			isa = XCBuildConfiguration;
			baseConfigurationReference = 2FCDE1292566444C00203445 /* Development.xcconfig */;
			buildSettings = {
				ALWAYS_EMBED_SWIFT_STANDARD_LIBRARIES = YES;
				BUNDLE_LOADER = "$(TEST_HOST)";
				CODE_SIGN_STYLE = Automatic;
				DEVELOPMENT_TEAM = K8J8CUXWK9;
				INFOPLIST_FILE = "ios-boilerplateTests/Info.plist";
				IPHONEOS_DEPLOYMENT_TARGET = 13.2;
				LD_RUNPATH_SEARCH_PATHS = (
					"$(inherited)",
					"@executable_path/Frameworks",
					"@loader_path/Frameworks",
				);
				PRODUCT_BUNDLE_IDENTIFIER = "com.adesso.ios-boilerplateTests";
				PRODUCT_NAME = "$(TARGET_NAME)";
				SWIFT_VERSION = 5.0;
				TARGETED_DEVICE_FAMILY = "1,2";
				TEST_HOST = "$(BUILT_PRODUCTS_DIR)/ios-boilerplate.app/ios-boilerplate";
			};
			name = Development;
		};
		2F56AE9A256E68000007D0A2 /* Development */ = {
			isa = XCBuildConfiguration;
			baseConfigurationReference = 2FCDE1292566444C00203445 /* Development.xcconfig */;
			buildSettings = {
				ALWAYS_EMBED_SWIFT_STANDARD_LIBRARIES = YES;
				CODE_SIGN_STYLE = Automatic;
				DEVELOPMENT_TEAM = K8J8CUXWK9;
				INFOPLIST_FILE = "ios-boilerplateUITests/Info.plist";
				LD_RUNPATH_SEARCH_PATHS = (
					"$(inherited)",
					"@executable_path/Frameworks",
					"@loader_path/Frameworks",
				);
				PRODUCT_BUNDLE_IDENTIFIER = "com.adesso.ios-boilerplateUITests";
				PRODUCT_NAME = "$(TARGET_NAME)";
				SWIFT_VERSION = 5.0;
				TARGETED_DEVICE_FAMILY = "1,2";
				TEST_TARGET_NAME = "ios-boilerplate";
			};
			name = Development;
		};
		2FCDE11A2565722600203445 /* Debug */ = {
			isa = XCBuildConfiguration;
			buildSettings = {
				ALWAYS_SEARCH_USER_PATHS = NO;
				CLANG_ANALYZER_NONNULL = YES;
				CLANG_ANALYZER_NUMBER_OBJECT_CONVERSION = YES_AGGRESSIVE;
				CLANG_CXX_LANGUAGE_STANDARD = "gnu++14";
				CLANG_CXX_LIBRARY = "libc++";
				CLANG_ENABLE_MODULES = YES;
				CLANG_ENABLE_OBJC_ARC = YES;
				CLANG_ENABLE_OBJC_WEAK = YES;
				CLANG_WARN_BLOCK_CAPTURE_AUTORELEASING = YES;
				CLANG_WARN_BOOL_CONVERSION = YES;
				CLANG_WARN_COMMA = YES;
				CLANG_WARN_CONSTANT_CONVERSION = YES;
				CLANG_WARN_DEPRECATED_OBJC_IMPLEMENTATIONS = YES;
				CLANG_WARN_DIRECT_OBJC_ISA_USAGE = YES_ERROR;
				CLANG_WARN_DOCUMENTATION_COMMENTS = YES;
				CLANG_WARN_EMPTY_BODY = YES;
				CLANG_WARN_ENUM_CONVERSION = YES;
				CLANG_WARN_INFINITE_RECURSION = YES;
				CLANG_WARN_INT_CONVERSION = YES;
				CLANG_WARN_NON_LITERAL_NULL_CONVERSION = YES;
				CLANG_WARN_OBJC_IMPLICIT_RETAIN_SELF = YES;
				CLANG_WARN_OBJC_LITERAL_CONVERSION = YES;
				CLANG_WARN_OBJC_ROOT_CLASS = YES_ERROR;
				CLANG_WARN_RANGE_LOOP_ANALYSIS = YES;
				CLANG_WARN_STRICT_PROTOTYPES = YES;
				CLANG_WARN_SUSPICIOUS_MOVE = YES;
				CLANG_WARN_UNGUARDED_AVAILABILITY = YES_AGGRESSIVE;
				CLANG_WARN_UNREACHABLE_CODE = YES;
				CLANG_WARN__DUPLICATE_METHOD_MATCH = YES;
				COPY_PHASE_STRIP = NO;
				DEBUG_INFORMATION_FORMAT = dwarf;
				ENABLE_STRICT_OBJC_MSGSEND = YES;
				ENABLE_TESTABILITY = YES;
				GCC_C_LANGUAGE_STANDARD = gnu11;
				GCC_DYNAMIC_NO_PIC = NO;
				GCC_NO_COMMON_BLOCKS = YES;
				GCC_OPTIMIZATION_LEVEL = 0;
				GCC_PREPROCESSOR_DEFINITIONS = (
					"DEBUG=1",
					"$(inherited)",
				);
				GCC_WARN_64_TO_32_BIT_CONVERSION = YES;
				GCC_WARN_ABOUT_RETURN_TYPE = YES_ERROR;
				GCC_WARN_UNDECLARED_SELECTOR = YES;
				GCC_WARN_UNINITIALIZED_AUTOS = YES_AGGRESSIVE;
				GCC_WARN_UNUSED_FUNCTION = YES;
				GCC_WARN_UNUSED_VARIABLE = YES;
				IPHONEOS_DEPLOYMENT_TARGET = 13.2;
				MTL_ENABLE_DEBUG_INFO = INCLUDE_SOURCE;
				MTL_FAST_MATH = YES;
				ONLY_ACTIVE_ARCH = YES;
				SDKROOT = iphoneos;
				SWIFT_ACTIVE_COMPILATION_CONDITIONS = DEBUG;
				SWIFT_OPTIMIZATION_LEVEL = "-Onone";
			};
			name = Debug;
		};
		2FCDE11B2565722600203445 /* Release */ = {
			isa = XCBuildConfiguration;
			buildSettings = {
				ALWAYS_SEARCH_USER_PATHS = NO;
				CLANG_ANALYZER_NONNULL = YES;
				CLANG_ANALYZER_NUMBER_OBJECT_CONVERSION = YES_AGGRESSIVE;
				CLANG_CXX_LANGUAGE_STANDARD = "gnu++14";
				CLANG_CXX_LIBRARY = "libc++";
				CLANG_ENABLE_MODULES = YES;
				CLANG_ENABLE_OBJC_ARC = YES;
				CLANG_ENABLE_OBJC_WEAK = YES;
				CLANG_WARN_BLOCK_CAPTURE_AUTORELEASING = YES;
				CLANG_WARN_BOOL_CONVERSION = YES;
				CLANG_WARN_COMMA = YES;
				CLANG_WARN_CONSTANT_CONVERSION = YES;
				CLANG_WARN_DEPRECATED_OBJC_IMPLEMENTATIONS = YES;
				CLANG_WARN_DIRECT_OBJC_ISA_USAGE = YES_ERROR;
				CLANG_WARN_DOCUMENTATION_COMMENTS = YES;
				CLANG_WARN_EMPTY_BODY = YES;
				CLANG_WARN_ENUM_CONVERSION = YES;
				CLANG_WARN_INFINITE_RECURSION = YES;
				CLANG_WARN_INT_CONVERSION = YES;
				CLANG_WARN_NON_LITERAL_NULL_CONVERSION = YES;
				CLANG_WARN_OBJC_IMPLICIT_RETAIN_SELF = YES;
				CLANG_WARN_OBJC_LITERAL_CONVERSION = YES;
				CLANG_WARN_OBJC_ROOT_CLASS = YES_ERROR;
				CLANG_WARN_RANGE_LOOP_ANALYSIS = YES;
				CLANG_WARN_STRICT_PROTOTYPES = YES;
				CLANG_WARN_SUSPICIOUS_MOVE = YES;
				CLANG_WARN_UNGUARDED_AVAILABILITY = YES_AGGRESSIVE;
				CLANG_WARN_UNREACHABLE_CODE = YES;
				CLANG_WARN__DUPLICATE_METHOD_MATCH = YES;
				COPY_PHASE_STRIP = NO;
				DEBUG_INFORMATION_FORMAT = "dwarf-with-dsym";
				ENABLE_NS_ASSERTIONS = NO;
				ENABLE_STRICT_OBJC_MSGSEND = YES;
				GCC_C_LANGUAGE_STANDARD = gnu11;
				GCC_NO_COMMON_BLOCKS = YES;
				GCC_WARN_64_TO_32_BIT_CONVERSION = YES;
				GCC_WARN_ABOUT_RETURN_TYPE = YES_ERROR;
				GCC_WARN_UNDECLARED_SELECTOR = YES;
				GCC_WARN_UNINITIALIZED_AUTOS = YES_AGGRESSIVE;
				GCC_WARN_UNUSED_FUNCTION = YES;
				GCC_WARN_UNUSED_VARIABLE = YES;
				IPHONEOS_DEPLOYMENT_TARGET = 13.2;
				MTL_ENABLE_DEBUG_INFO = NO;
				MTL_FAST_MATH = YES;
				SDKROOT = iphoneos;
				SWIFT_COMPILATION_MODE = wholemodule;
				SWIFT_OPTIMIZATION_LEVEL = "-O";
				VALIDATE_PRODUCT = YES;
			};
			name = Release;
		};
		2FCDE11D2565722600203445 /* Debug */ = {
			isa = XCBuildConfiguration;
			baseConfigurationReference = 87EF3F270C410404C89E21F5 /* Pods-ios-boilerplate.debug.xcconfig */;
			buildSettings = {
				ALWAYS_EMBED_SWIFT_STANDARD_LIBRARIES = "$(inherited)";
				ASSETCATALOG_COMPILER_APPICON_NAME = AppIcon;
				CODE_SIGN_STYLE = Automatic;
				DEVELOPMENT_TEAM = K8J8CUXWK9;
				INFOPLIST_FILE = "ios-boilerplate/Resources/Info.plist";
				IPHONEOS_DEPLOYMENT_TARGET = 13.0;
				LD_RUNPATH_SEARCH_PATHS = (
					"$(inherited)",
					"@executable_path/Frameworks",
				);
				PRODUCT_BUNDLE_IDENTIFIER = "com.adesso.ios-boilerplate";
				PRODUCT_NAME = "$(TARGET_NAME)";
				SWIFT_VERSION = 5.0;
				TARGETED_DEVICE_FAMILY = "1,2";
			};
			name = Debug;
		};
		2FCDE11E2565722600203445 /* Release */ = {
			isa = XCBuildConfiguration;
			baseConfigurationReference = 21EF390BDA54D613B22B7B61 /* Pods-ios-boilerplate.release.xcconfig */;
			buildSettings = {
				ALWAYS_EMBED_SWIFT_STANDARD_LIBRARIES = "$(inherited)";
				ASSETCATALOG_COMPILER_APPICON_NAME = AppIcon;
				CODE_SIGN_STYLE = Automatic;
				DEVELOPMENT_TEAM = K8J8CUXWK9;
				INFOPLIST_FILE = "ios-boilerplate/Resources/Info.plist";
				IPHONEOS_DEPLOYMENT_TARGET = 13.0;
				LD_RUNPATH_SEARCH_PATHS = (
					"$(inherited)",
					"@executable_path/Frameworks",
				);
				PRODUCT_BUNDLE_IDENTIFIER = "com.adesso.ios-boilerplate";
				PRODUCT_NAME = "$(TARGET_NAME)";
				SWIFT_VERSION = 5.0;
				TARGETED_DEVICE_FAMILY = "1,2";
			};
			name = Release;
		};
		2FCDE1202565722600203445 /* Debug */ = {
			isa = XCBuildConfiguration;
			baseConfigurationReference = E844C8D31B6238A4373CDC06 /* Pods-ios-boilerplateTests.debug.xcconfig */;
			buildSettings = {
				ALWAYS_EMBED_SWIFT_STANDARD_LIBRARIES = YES;
				BUNDLE_LOADER = "$(TEST_HOST)";
				CODE_SIGN_STYLE = Automatic;
				DEVELOPMENT_TEAM = K8J8CUXWK9;
				INFOPLIST_FILE = "ios-boilerplateTests/Info.plist";
				IPHONEOS_DEPLOYMENT_TARGET = 13.2;
				LD_RUNPATH_SEARCH_PATHS = (
					"$(inherited)",
					"@executable_path/Frameworks",
					"@loader_path/Frameworks",
				);
				PRODUCT_BUNDLE_IDENTIFIER = "com.adesso.ios-boilerplateTests";
				PRODUCT_NAME = "$(TARGET_NAME)";
				SWIFT_VERSION = 5.0;
				TARGETED_DEVICE_FAMILY = "1,2";
				TEST_HOST = "$(BUILT_PRODUCTS_DIR)/ios-boilerplate.app/ios-boilerplate";
			};
			name = Debug;
		};
		2FCDE1212565722600203445 /* Release */ = {
			isa = XCBuildConfiguration;
			baseConfigurationReference = 7D3F8FF33FDEDD2F98980A59 /* Pods-ios-boilerplateTests.release.xcconfig */;
			buildSettings = {
				ALWAYS_EMBED_SWIFT_STANDARD_LIBRARIES = YES;
				BUNDLE_LOADER = "$(TEST_HOST)";
				CODE_SIGN_STYLE = Automatic;
				DEVELOPMENT_TEAM = K8J8CUXWK9;
				INFOPLIST_FILE = "ios-boilerplateTests/Info.plist";
				IPHONEOS_DEPLOYMENT_TARGET = 13.2;
				LD_RUNPATH_SEARCH_PATHS = (
					"$(inherited)",
					"@executable_path/Frameworks",
					"@loader_path/Frameworks",
				);
				PRODUCT_BUNDLE_IDENTIFIER = "com.adesso.ios-boilerplateTests";
				PRODUCT_NAME = "$(TARGET_NAME)";
				SWIFT_VERSION = 5.0;
				TARGETED_DEVICE_FAMILY = "1,2";
				TEST_HOST = "$(BUILT_PRODUCTS_DIR)/ios-boilerplate.app/ios-boilerplate";
			};
			name = Release;
		};
		2FCDE1232565722600203445 /* Debug */ = {
			isa = XCBuildConfiguration;
			baseConfigurationReference = F640A74274DF345FA3635FA3 /* Pods-ios-boilerplate-ios-boilerplateUITests.debug.xcconfig */;
			buildSettings = {
				ALWAYS_EMBED_SWIFT_STANDARD_LIBRARIES = YES;
				CODE_SIGN_STYLE = Automatic;
				DEVELOPMENT_TEAM = K8J8CUXWK9;
				INFOPLIST_FILE = "ios-boilerplateUITests/Info.plist";
				LD_RUNPATH_SEARCH_PATHS = (
					"$(inherited)",
					"@executable_path/Frameworks",
					"@loader_path/Frameworks",
				);
				PRODUCT_BUNDLE_IDENTIFIER = "com.adesso.ios-boilerplateUITests";
				PRODUCT_NAME = "$(TARGET_NAME)";
				SWIFT_VERSION = 5.0;
				TARGETED_DEVICE_FAMILY = "1,2";
				TEST_TARGET_NAME = "ios-boilerplate";
			};
			name = Debug;
		};
		2FCDE1242565722600203445 /* Release */ = {
			isa = XCBuildConfiguration;
			baseConfigurationReference = 39A1FDA8B77FFE56407B5049 /* Pods-ios-boilerplate-ios-boilerplateUITests.release.xcconfig */;
			buildSettings = {
				ALWAYS_EMBED_SWIFT_STANDARD_LIBRARIES = YES;
				CODE_SIGN_STYLE = Automatic;
				DEVELOPMENT_TEAM = K8J8CUXWK9;
				INFOPLIST_FILE = "ios-boilerplateUITests/Info.plist";
				LD_RUNPATH_SEARCH_PATHS = (
					"$(inherited)",
					"@executable_path/Frameworks",
					"@loader_path/Frameworks",
				);
				PRODUCT_BUNDLE_IDENTIFIER = "com.adesso.ios-boilerplateUITests";
				PRODUCT_NAME = "$(TARGET_NAME)";
				SWIFT_VERSION = 5.0;
				TARGETED_DEVICE_FAMILY = "1,2";
				TEST_TARGET_NAME = "ios-boilerplate";
			};
			name = Release;
		};
/* End XCBuildConfiguration section */

/* Begin XCConfigurationList section */
		2FCDE0ED2565722400203445 /* Build configuration list for PBXProject "ios-boilerplate" */ = {
			isa = XCConfigurationList;
			buildConfigurations = (
				2FCDE11A2565722600203445 /* Debug */,
				2F56AE97256E68000007D0A2 /* Development */,
				2FCDE11B2565722600203445 /* Release */,
			);
			defaultConfigurationIsVisible = 0;
			defaultConfigurationName = Release;
		};
		2FCDE11C2565722600203445 /* Build configuration list for PBXNativeTarget "ios-boilerplate" */ = {
			isa = XCConfigurationList;
			buildConfigurations = (
				2FCDE11D2565722600203445 /* Debug */,
				2F56AE98256E68000007D0A2 /* Development */,
				2FCDE11E2565722600203445 /* Release */,
			);
			defaultConfigurationIsVisible = 0;
			defaultConfigurationName = Release;
		};
		2FCDE11F2565722600203445 /* Build configuration list for PBXNativeTarget "ios-boilerplateTests" */ = {
			isa = XCConfigurationList;
			buildConfigurations = (
				2FCDE1202565722600203445 /* Debug */,
				2F56AE99256E68000007D0A2 /* Development */,
				2FCDE1212565722600203445 /* Release */,
			);
			defaultConfigurationIsVisible = 0;
			defaultConfigurationName = Release;
		};
		2FCDE1222565722600203445 /* Build configuration list for PBXNativeTarget "ios-boilerplateUITests" */ = {
			isa = XCConfigurationList;
			buildConfigurations = (
				2FCDE1232565722600203445 /* Debug */,
				2F56AE9A256E68000007D0A2 /* Development */,
				2FCDE1242565722600203445 /* Release */,
			);
			defaultConfigurationIsVisible = 0;
			defaultConfigurationName = Release;
		};
/* End XCConfigurationList section */
	};
	rootObject = 2FCDE0EA2565722400203445 /* Project object */;
}
